
Microsoft Visual Studio Solution File, Format Version 12.00
# Visual Studio Version 17
VisualStudioVersion = 17.14.36623.8
MinimumVisualStudioVersion = 10.0.40219.1
Project("{FAE04EC0-301F-11D3-BF4B-00C04F79EFBC}") = "EmployeeTimeEntry", "EmployeeTimeEntry\EmployeeTimeEntry.csproj", "{BB7ED132-681B-43C9-9A0F-41E84A5DC0E7}"
EndProject
Global
	GlobalSection(SolutionConfigurationPlatforms) = preSolution
		Debug|Any CPU = Debug|Any CPU
		Release|Any CPU = Release|Any CPU
	EndGlobalSection
	GlobalSection(ProjectConfigurationPlatforms) = postSolution
		{BB7ED132-681B-43C9-9A0F-41E84A5DC0E7}.Debug|Any CPU.ActiveCfg = Debug|Any CPU
		{BB7ED132-681B-43C9-9A0F-41E84A5DC0E7}.Debug|Any CPU.Build.0 = Debug|Any CPU
		{BB7ED132-681B-43C9-9A0F-41E84A5DC0E7}.Release|Any CPU.ActiveCfg = Release|Any CPU
		{BB7ED132-681B-43C9-9A0F-41E84A5DC0E7}.Release|Any CPU.Build.0 = Release|Any CPU
	EndGlobalSection
	GlobalSection(SolutionProperties) = preSolution
		HideSolutionNode = FALSE
	EndGlobalSection
	GlobalSection(ExtensibilityGlobals) = postSolution
		SolutionGuid = {7A13C553-B813-467C-8B6C-C247FA396139}
	EndGlobalSection
EndGlobal
